
Microsoft Visual Studio Solution File, Format Version 12.00
# Visual Studio Version 17
VisualStudioVersion = 17.4.33110.190
MinimumVisualStudioVersion = 10.0.40219.1
Project("{FAE04EC0-301F-11D3-BF4B-00C04F79EFBC}") = "MatchGame", "MatchGame\MatchGame.csproj", "{F3B1C77E-2D0A-471A-B6C4-D97E6AEB76A1}"
EndProject
Global
	GlobalSection(SolutionConfigurationPlatforms) = preSolution
		Debug|Any CPU = Debug|Any CPU
		Release|Any CPU = Release|Any CPU
	EndGlobalSection
	GlobalSection(ProjectConfigurationPlatforms) = postSolution
		{F3B1C77E-2D0A-471A-B6C4-D97E6AEB76A1}.Debug|Any CPU.ActiveCfg = Debug|Any CPU
		{F3B1C77E-2D0A-471A-B6C4-D97E6AEB76A1}.Debug|Any CPU.Build.0 = Debug|Any CPU
		{F3B1C77E-2D0A-471A-B6C4-D97E6AEB76A1}.Release|Any CPU.ActiveCfg = Release|Any CPU
		{F3B1C77E-2D0A-471A-B6C4-D97E6AEB76A1}.Release|Any CPU.Build.0 = Release|Any CPU
	EndGlobalSection
	GlobalSection(SolutionProperties) = preSolution
		HideSolutionNode = FALSE
	EndGlobalSection
	GlobalSection(ExtensibilityGlobals) = postSolution
		SolutionGuid = {385B662C-0CC1-47B7-8AFF-14A773917D92}
	EndGlobalSection
EndGlobal
